PODS:
  - BlocksKit (2.2.5):
    - BlocksKit/All (= 2.2.5)
  - BlocksKit/All (2.2.5):
    - BlocksKit/Core
    - BlocksKit/DynamicDelegate
    - BlocksKit/MessageUI
    - BlocksKit/UIKit
  - BlocksKit/Core (2.2.5)
  - BlocksKit/DynamicDelegate (2.2.5)
  - BlocksKit/MessageUI (2.2.5):
    - BlocksKit/Core
    - BlocksKit/DynamicDelegate
  - BlocksKit/UIKit (2.2.5):
    - BlocksKit/Core
    - BlocksKit/DynamicDelegate
  - FBSnapshotTestCase (2.1.4):
    - FBSnapshotTestCase/SwiftSupport (= 2.1.4)
  - FBSnapshotTestCase/Core (2.1.4)
  - FBSnapshotTestCase/SwiftSupport (2.1.4):
    - FBSnapshotTestCase/Core
  - SIStoryboardI18N (0.1.0):
    - BlocksKit

DEPENDENCIES:
  - FBSnapshotTestCase
  - SIStoryboardI18N (from `../`)

EXTERNAL SOURCES:
  SIStoryboardI18N:
    :path: "../"

SPEC CHECKSUMS:
  BlocksKit: 7f422b971407001178d181a43b99014ea2591fe6
  FBSnapshotTestCase: '094f9f314decbabe373b87cc339bea235a63e07a'
  SIStoryboardI18N: deaecc2f0f4e979c69d7afc5be1504f4f93fcec5

PODFILE CHECKSUM: a92f61bd88541063ef4a637a21cd3d7c872b6372

COCOAPODS: 1.1.1
